
Microsoft Visual Studio Solution File, Format Version 12.00
Project("{EB7E743B-5725-49AB-838C-88BFE7827E72}") = "Banana", "src\Banana\Banana.csproj", "{2DB6ED9E-1382-4044-87E1-3DE37F055F4F}"
EndProject
Global
	GlobalSection(SolutionConfigurationPlatforms) = preSolution
		Debug|Any CPU = Debug|Any CPU
		Release|Any CPU = Release|Any CPU
		Deploy|Any CPU = Deploy|Any CPU
		DeployAndRun|Any CPU = DeployAndRun|Any CPU
	EndGlobalSection
	GlobalSection(ProjectConfigurationPlatforms) = postSolution
		{2DB6ED9E-1382-4044-87E1-3DE37F055F4F}.Debug|Any CPU.ActiveCfg = Debug|Any CPU
		{2DB6ED9E-1382-4044-87E1-3DE37F055F4F}.Debug|Any CPU.Build.0 = Debug|Any CPU
		{2DB6ED9E-1382-4044-87E1-3DE37F055F4F}.Release|Any CPU.ActiveCfg = Release|Any CPU
		{2DB6ED9E-1382-4044-87E1-3DE37F055F4F}.Release|Any CPU.Build.0 = Release|Any CPU
		{2DB6ED9E-1382-4044-87E1-3DE37F055F4F}.Deploy|Any CPU.ActiveCfg = Deploy|Any CPU
		{2DB6ED9E-1382-4044-87E1-3DE37F055F4F}.Deploy|Any CPU.Build.0 = Deploy|Any CPU
		{2DB6ED9E-1382-4044-87E1-3DE37F055F4F}.DeployAndRun|Any CPU.ActiveCfg = DeployAndRun|Any CPU
		{2DB6ED9E-1382-4044-87E1-3DE37F055F4F}.DeployAndRun|Any CPU.Build.0 = DeployAndRun|Any CPU
	EndGlobalSection
EndGlobal
